{
  "name": "nextjs-razor",
  "lockfileVersion": 2,
  "requires": true,
  "packages": {
    "": {
      "dependencies": {
        "@sinclair/typebox": "^0.25.24"
      },
      "devDependencies": {
        "postinstall-postinstall": "^2.1.0"
      }
    },
    "node_modules/@sinclair/typebox": {
      "version": "0.25.24",
      "resolved": "https://registry.npmmirror.com/@sinclair/typebox/-/typebox-0.25.24.tgz",
      "integrity": "sha512-XJfwUVUKDHF5ugKwIcxEgc9k8b7HbznCp6eUfWgu710hMPNIO4aw4/zB5RogDQz8nd6gyCDpU9O/m6qYEWY6yQ=="
    },
    "node_modules/postinstall-postinstall": {
      "version": "2.1.0",
      "resolved": "https://registry.npmmirror.com/postinstall-postinstall/-/postinstall-postinstall-2.1.0.tgz",
      "integrity": "sha512-7hQX6ZlZXIoRiWNrbMQaLzUUfH+sSx39u8EJ9HYuDc1kLo9IXKWjM5RSquZN1ad5GnH8CGFM78fsAAQi3OKEEQ==",
      "dev": true,
      "hasInstallScript": true
    }
  },
  "dependencies": {
    "@sinclair/typebox": {
      "version": "0.25.24",
      "resolved": "https://registry.npmmirror.com/@sinclair/typebox/-/typebox-0.25.24.tgz",
      "integrity": "sha512-XJfwUVUKDHF5ugKwIcxEgc9k8b7HbznCp6eUfWgu710hMPNIO4aw4/zB5RogDQz8nd6gyCDpU9O/m6qYEWY6yQ=="
    },
    "postinstall-postinstall": {
      "version": "2.1.0",
      "resolved": "https://registry.npmmirror.com/postinstall-postinstall/-/postinstall-postinstall-2.1.0.tgz",
      "integrity": "sha512-7hQX6ZlZXIoRiWNrbMQaLzUUfH+sSx39u8EJ9HYuDc1kLo9IXKWjM5RSquZN1ad5GnH8CGFM78fsAAQi3OKEEQ==",
      "dev": true
    }
  }
}
